
Microsoft Visual Studio Solution File, Format Version 12.00
# Visual Studio Version 16
VisualStudioVersion = 16.0.28803.352
MinimumVisualStudioVersion = 10.0.40219.1
Project("{FAE04EC0-301F-11D3-BF4B-00C04F79EFBC}") = "AuthenticationExample.Cookie", "AuthenticationExample.Cookie\AuthenticationExample.Cookie.csproj", "{1E43199E-52E0-4705-9B0D-9C166A30AC16}"
EndProject
Project("{FAE04EC0-301F-11D3-BF4B-00C04F79EFBC}") = "AuthenticationExample.Token", "AuthenticationExample.Token\AuthenticationExample.Token.csproj", "{951BDB71-A9E0-48B2-90DE-EF4E0565ED2D}"
EndProject
Global
	GlobalSection(SolutionConfigurationPlatforms) = preSolution
		Debug|Any CPU = Debug|Any CPU
		Release|Any CPU = Release|Any CPU
	EndGlobalSection
	GlobalSection(ProjectConfigurationPlatforms) = postSolution
		{1E43199E-52E0-4705-9B0D-9C166A30AC16}.Debug|Any CPU.ActiveCfg = Debug|Any CPU
		{1E43199E-52E0-4705-9B0D-9C166A30AC16}.Debug|Any CPU.Build.0 = Debug|Any CPU
		{1E43199E-52E0-4705-9B0D-9C166A30AC16}.Release|Any CPU.ActiveCfg = Release|Any CPU
		{1E43199E-52E0-4705-9B0D-9C166A30AC16}.Release|Any CPU.Build.0 = Release|Any CPU
		{951BDB71-A9E0-48B2-90DE-EF4E0565ED2D}.Debug|Any CPU.ActiveCfg = Debug|Any CPU
		{951BDB71-A9E0-48B2-90DE-EF4E0565ED2D}.Debug|Any CPU.Build.0 = Debug|Any CPU
		{951BDB71-A9E0-48B2-90DE-EF4E0565ED2D}.Release|Any CPU.ActiveCfg = Release|Any CPU
		{951BDB71-A9E0-48B2-90DE-EF4E0565ED2D}.Release|Any CPU.Build.0 = Release|Any CPU
	EndGlobalSection
	GlobalSection(SolutionProperties) = preSolution
		HideSolutionNode = FALSE
	EndGlobalSection
	GlobalSection(ExtensibilityGlobals) = postSolution
		SolutionGuid = {A170EB2E-8C22-4648-B3DE-7A20CF5122BB}
	EndGlobalSection
EndGlobal
