
Microsoft Visual Studio Solution File, Format Version 12.00
# Visual Studio Version 16
VisualStudioVersion = 16.0.28803.352
MinimumVisualStudioVersion = 10.0.40219.1
Project("{9A19103F-16F7-4668-BE54-9A1E7A4F7556}") = "Authentication", "Authentication\Authentication.csproj", "{6E95638A-BAE5-4CF9-9C6D-B2EC9FABEAD9}"
EndProject
Project("{FAE04EC0-301F-11D3-BF4B-00C04F79EFBC}") = "Security", "Security\Security.csproj", "{766EC9F3-18AF-4682-B1B7-592822FA385C}"
EndProject
Project("{FAE04EC0-301F-11D3-BF4B-00C04F79EFBC}") = "Data", "Data\Data.csproj", "{A31918FF-D322-42A7-9481-7A2C3CFF33BD}"
EndProject
Global
	GlobalSection(SolutionConfigurationPlatforms) = preSolution
		Debug|Any CPU = Debug|Any CPU
		Release|Any CPU = Release|Any CPU
	EndGlobalSection
	GlobalSection(ProjectConfigurationPlatforms) = postSolution
		{6E95638A-BAE5-4CF9-9C6D-B2EC9FABEAD9}.Debug|Any CPU.ActiveCfg = Debug|Any CPU
		{6E95638A-BAE5-4CF9-9C6D-B2EC9FABEAD9}.Debug|Any CPU.Build.0 = Debug|Any CPU
		{6E95638A-BAE5-4CF9-9C6D-B2EC9FABEAD9}.Release|Any CPU.ActiveCfg = Release|Any CPU
		{6E95638A-BAE5-4CF9-9C6D-B2EC9FABEAD9}.Release|Any CPU.Build.0 = Release|Any CPU
		{766EC9F3-18AF-4682-B1B7-592822FA385C}.Debug|Any CPU.ActiveCfg = Debug|Any CPU
		{766EC9F3-18AF-4682-B1B7-592822FA385C}.Debug|Any CPU.Build.0 = Debug|Any CPU
		{766EC9F3-18AF-4682-B1B7-592822FA385C}.Release|Any CPU.ActiveCfg = Release|Any CPU
		{766EC9F3-18AF-4682-B1B7-592822FA385C}.Release|Any CPU.Build.0 = Release|Any CPU
		{A31918FF-D322-42A7-9481-7A2C3CFF33BD}.Debug|Any CPU.ActiveCfg = Debug|Any CPU
		{A31918FF-D322-42A7-9481-7A2C3CFF33BD}.Debug|Any CPU.Build.0 = Debug|Any CPU
		{A31918FF-D322-42A7-9481-7A2C3CFF33BD}.Release|Any CPU.ActiveCfg = Release|Any CPU
		{A31918FF-D322-42A7-9481-7A2C3CFF33BD}.Release|Any CPU.Build.0 = Release|Any CPU
	EndGlobalSection
	GlobalSection(SolutionProperties) = preSolution
		HideSolutionNode = FALSE
	EndGlobalSection
	GlobalSection(ExtensibilityGlobals) = postSolution
		SolutionGuid = {A170EB2E-8C22-4648-B3DE-7A20CF5122BB}
	EndGlobalSection
EndGlobal
